
Microsoft Visual Studio Solution File, Format Version 12.00
# Visual Studio 15
VisualStudioVersion = 15.0.28307.572
MinimumVisualStudioVersion = 10.0.40219.1
Project("{FAE04EC0-301F-11D3-BF4B-00C04F79EFBC}") = "GeoJsonCoordinatesTranf", "GeoJsonCoordinatesTranf\GeoJsonCoordinatesTranf.csproj", "{EA25F8DA-1EF3-478F-888B-DACD01F80C29}"
EndProject
Global
	GlobalSection(SolutionConfigurationPlatforms) = preSolution
		Debug|Any CPU = Debug|Any CPU
		Release|Any CPU = Release|Any CPU
	EndGlobalSection
	GlobalSection(ProjectConfigurationPlatforms) = postSolution
		{EA25F8DA-1EF3-478F-888B-DACD01F80C29}.Debug|Any CPU.ActiveCfg = Debug|Any CPU
		{EA25F8DA-1EF3-478F-888B-DACD01F80C29}.Debug|Any CPU.Build.0 = Debug|Any CPU
		{EA25F8DA-1EF3-478F-888B-DACD01F80C29}.Release|Any CPU.ActiveCfg = Release|Any CPU
		{EA25F8DA-1EF3-478F-888B-DACD01F80C29}.Release|Any CPU.Build.0 = Release|Any CPU
	EndGlobalSection
	GlobalSection(SolutionProperties) = preSolution
		HideSolutionNode = FALSE
	EndGlobalSection
	GlobalSection(ExtensibilityGlobals) = postSolution
		SolutionGuid = {4C15FACB-5252-445E-9BF7-7156D1D66543}
	EndGlobalSection
EndGlobal
